
Microsoft Visual Studio Solution File, Format Version 12.00
# Visual Studio Version 17
VisualStudioVersion = 17.7.34031.279
MinimumVisualStudioVersion = 10.0.40219.1
Project("{9A19103F-16F7-4668-BE54-9A1E7A4F7556}") = "PrometheOSWeb", "PrometheOSWeb\PrometheOSWeb.csproj", "{9349C526-499C-451B-B23C-A7F69E0AD300}"
EndProject
Project("{9A19103F-16F7-4668-BE54-9A1E7A4F7556}") = "PrometheOSPacker", "PrometheOSPacker\PrometheOSPacker.csproj", "{D7989A53-A931-4EB4-9E07-93152E01E701}"
EndProject
Global
	GlobalSection(SolutionConfigurationPlatforms) = preSolution
		Debug|Any CPU = Debug|Any CPU
		Release|Any CPU = Release|Any CPU
	EndGlobalSection
	GlobalSection(ProjectConfigurationPlatforms) = postSolution
		{9349C526-499C-451B-B23C-A7F69E0AD300}.Debug|Any CPU.ActiveCfg = Debug|Any CPU
		{9349C526-499C-451B-B23C-A7F69E0AD300}.Debug|Any CPU.Build.0 = Debug|Any CPU
		{9349C526-499C-451B-B23C-A7F69E0AD300}.Release|Any CPU.ActiveCfg = Release|Any CPU
		{9349C526-499C-451B-B23C-A7F69E0AD300}.Release|Any CPU.Build.0 = Release|Any CPU
		{D7989A53-A931-4EB4-9E07-93152E01E701}.Debug|Any CPU.ActiveCfg = Debug|Any CPU
		{D7989A53-A931-4EB4-9E07-93152E01E701}.Debug|Any CPU.Build.0 = Debug|Any CPU
		{D7989A53-A931-4EB4-9E07-93152E01E701}.Release|Any CPU.ActiveCfg = Release|Any CPU
		{D7989A53-A931-4EB4-9E07-93152E01E701}.Release|Any CPU.Build.0 = Release|Any CPU
	EndGlobalSection
	GlobalSection(SolutionProperties) = preSolution
		HideSolutionNode = FALSE
	EndGlobalSection
	GlobalSection(ExtensibilityGlobals) = postSolution
		SolutionGuid = {C911CF43-768E-487C-81BB-34D4FAF94C2B}
	EndGlobalSection
EndGlobal
