Microsoft Visual Studio Solution File, Format Version 8.00
Project("{8BC9CEB8-8B4A-11D0-8D11-00A0C91BC942}") = "PrometheOSXbe", "PrometheOSXbe\PrometheOSXbe.vcproj", "{03813F8D-2AD5-44E4-B724-44240DB90B0B}"
	ProjectSection(ProjectDependencies) = postProject
	EndProjectSection
EndProject
Global
	GlobalSection(SolutionConfiguration) = preSolution
		Debug = Debug
		Profile = Profile
		Profile_FastCap = Profile_FastCap
		Release = Release
		Release_LTCG = Release_LTCG
	EndGlobalSection
	GlobalSection(ProjectConfiguration) = postSolution
		{03813F8D-2AD5-44E4-B724-44240DB90B0B}.Debug.ActiveCfg = Debug|Xbox
		{03813F8D-2AD5-44E4-B724-44240DB90B0B}.Debug.Build.0 = Debug|Xbox
		{03813F8D-2AD5-44E4-B724-44240DB90B0B}.Profile.ActiveCfg = Profile|Xbox
		{03813F8D-2AD5-44E4-B724-44240DB90B0B}.Profile.Build.0 = Profile|Xbox
		{03813F8D-2AD5-44E4-B724-44240DB90B0B}.Profile_FastCap.ActiveCfg = Profile_FastCap|Xbox
		{03813F8D-2AD5-44E4-B724-44240DB90B0B}.Profile_FastCap.Build.0 = Profile_FastCap|Xbox
		{03813F8D-2AD5-44E4-B724-44240DB90B0B}.Release.ActiveCfg = Release|Xbox
		{03813F8D-2AD5-44E4-B724-44240DB90B0B}.Release.Build.0 = Release|Xbox
		{03813F8D-2AD5-44E4-B724-44240DB90B0B}.Release_LTCG.ActiveCfg = Release_LTCG|Xbox
		{03813F8D-2AD5-44E4-B724-44240DB90B0B}.Release_LTCG.Build.0 = Release_LTCG|Xbox
	EndGlobalSection
	GlobalSection(ExtensibilityGlobals) = postSolution
	EndGlobalSection
	GlobalSection(ExtensibilityAddIns) = postSolution
	EndGlobalSection
EndGlobal
